
Microsoft Visual Studio Solution File, Format Version 12.00
# Visual Studio Version 17
VisualStudioVersion = 17.8.34408.163
MinimumVisualStudioVersion = 10.0.40219.1
Project("{FAE04EC0-301F-11D3-BF4B-00C04F79EFBC}") = "Counter", "Counter\Counter.csproj", "{A94539FD-2582-4228-A5FB-BE2955CDF99D}"
EndProject
Global
	GlobalSection(SolutionConfigurationPlatforms) = preSolution
		Debug|Any CPU = Debug|Any CPU
		Release|Any CPU = Release|Any CPU
	EndGlobalSection
	GlobalSection(ProjectConfigurationPlatforms) = postSolution
		{A94539FD-2582-4228-A5FB-BE2955CDF99D}.Debug|Any CPU.ActiveCfg = Debug|Any CPU
		{A94539FD-2582-4228-A5FB-BE2955CDF99D}.Debug|Any CPU.Build.0 = Debug|Any CPU
		{A94539FD-2582-4228-A5FB-BE2955CDF99D}.Debug|Any CPU.Deploy.0 = Debug|Any CPU
		{A94539FD-2582-4228-A5FB-BE2955CDF99D}.Release|Any CPU.ActiveCfg = Release|Any CPU
		{A94539FD-2582-4228-A5FB-BE2955CDF99D}.Release|Any CPU.Build.0 = Release|Any CPU
		{A94539FD-2582-4228-A5FB-BE2955CDF99D}.Release|Any CPU.Deploy.0 = Release|Any CPU
	EndGlobalSection
	GlobalSection(SolutionProperties) = preSolution
		HideSolutionNode = FALSE
	EndGlobalSection
	GlobalSection(ExtensibilityGlobals) = postSolution
		SolutionGuid = {3768C2C2-74A1-48FC-A5D1-FC00D87C6578}
	EndGlobalSection
EndGlobal
